
Microsoft Visual Studio Solution File, Format Version 12.00
# Visual Studio Version 17
VisualStudioVersion = 17.7.34003.232
MinimumVisualStudioVersion = 10.0.40219.1
Project("{F184B08F-C81C-45F6-A57F-5ABD9991F28F}") = "27ArrayListMethod", "27ArrayListMethod.vbproj", "{AA388704-176D-45FC-93C6-AADC6CD54F4A}"
EndProject
Global
	GlobalSection(SolutionConfigurationPlatforms) = preSolution
		Debug|Any CPU = Debug|Any CPU
		Release|Any CPU = Release|Any CPU
	EndGlobalSection
	GlobalSection(ProjectConfigurationPlatforms) = postSolution
		{AA388704-176D-45FC-93C6-AADC6CD54F4A}.Debug|Any CPU.ActiveCfg = Debug|Any CPU
		{AA388704-176D-45FC-93C6-AADC6CD54F4A}.Debug|Any CPU.Build.0 = Debug|Any CPU
		{AA388704-176D-45FC-93C6-AADC6CD54F4A}.Release|Any CPU.ActiveCfg = Release|Any CPU
		{AA388704-176D-45FC-93C6-AADC6CD54F4A}.Release|Any CPU.Build.0 = Release|Any CPU
	EndGlobalSection
	GlobalSection(SolutionProperties) = preSolution
		HideSolutionNode = FALSE
	EndGlobalSection
	GlobalSection(ExtensibilityGlobals) = postSolution
		SolutionGuid = {8A5018F4-9082-45BF-B385-23521CE675CD}
	EndGlobalSection
EndGlobal
