
Microsoft Visual Studio Solution File, Format Version 12.00
# Visual Studio Version 17
VisualStudioVersion = 17.7.34003.232
MinimumVisualStudioVersion = 10.0.40219.1
Project("{F184B08F-C81C-45F6-A57F-5ABD9991F28F}") = "7EvenOdd_Form", "7EvenOdd_Form.vbproj", "{C80696A5-26D8-4242-A627-AF296B1415D0}"
EndProject
Global
	GlobalSection(SolutionConfigurationPlatforms) = preSolution
		Debug|Any CPU = Debug|Any CPU
		Release|Any CPU = Release|Any CPU
	EndGlobalSection
	GlobalSection(ProjectConfigurationPlatforms) = postSolution
		{C80696A5-26D8-4242-A627-AF296B1415D0}.Debug|Any CPU.ActiveCfg = Debug|Any CPU
		{C80696A5-26D8-4242-A627-AF296B1415D0}.Debug|Any CPU.Build.0 = Debug|Any CPU
		{C80696A5-26D8-4242-A627-AF296B1415D0}.Release|Any CPU.ActiveCfg = Release|Any CPU
		{C80696A5-26D8-4242-A627-AF296B1415D0}.Release|Any CPU.Build.0 = Release|Any CPU
	EndGlobalSection
	GlobalSection(SolutionProperties) = preSolution
		HideSolutionNode = FALSE
	EndGlobalSection
	GlobalSection(ExtensibilityGlobals) = postSolution
		SolutionGuid = {E2D837A2-386F-45CB-B841-67B740BB7D9D}
	EndGlobalSection
EndGlobal
